
Microsoft Visual Studio Solution File, Format Version 11.00
# Visual Studio 2010
Project("{8BC9CEB8-8B4A-11D0-8D11-00A0C91BC942}") = "test_2022_07_12", "test_2022_07_12\test_2022_07_12.vcxproj", "{69026F6A-7EF0-49CA-BAEA-8F0E4FC3D10A}"
EndProject
Global
	GlobalSection(SolutionConfigurationPlatforms) = preSolution
		Debug|Win32 = Debug|Win32
		Release|Win32 = Release|Win32
	EndGlobalSection
	GlobalSection(ProjectConfigurationPlatforms) = postSolution
		{69026F6A-7EF0-49CA-BAEA-8F0E4FC3D10A}.Debug|Win32.ActiveCfg = Debug|Win32
		{69026F6A-7EF0-49CA-BAEA-8F0E4FC3D10A}.Debug|Win32.Build.0 = Debug|Win32
		{69026F6A-7EF0-49CA-BAEA-8F0E4FC3D10A}.Release|Win32.ActiveCfg = Release|Win32
		{69026F6A-7EF0-49CA-BAEA-8F0E4FC3D10A}.Release|Win32.Build.0 = Release|Win32
	EndGlobalSection
	GlobalSection(SolutionProperties) = preSolution
		HideSolutionNode = FALSE
	EndGlobalSection
EndGlobal
