
Microsoft Visual Studio Solution File, Format Version 11.00
# Visual Studio 2010
Project("{8BC9CEB8-8B4A-11D0-8D11-00A0C91BC942}") = "for test", "for test\for test.vcxproj", "{B81D9DF9-53A4-43DF-A5B2-B14776C2D885}"
EndProject
Global
	GlobalSection(SolutionConfigurationPlatforms) = preSolution
		Debug|Win32 = Debug|Win32
		Release|Win32 = Release|Win32
	EndGlobalSection
	GlobalSection(ProjectConfigurationPlatforms) = postSolution
		{B81D9DF9-53A4-43DF-A5B2-B14776C2D885}.Debug|Win32.ActiveCfg = Debug|Win32
		{B81D9DF9-53A4-43DF-A5B2-B14776C2D885}.Debug|Win32.Build.0 = Debug|Win32
		{B81D9DF9-53A4-43DF-A5B2-B14776C2D885}.Release|Win32.ActiveCfg = Release|Win32
		{B81D9DF9-53A4-43DF-A5B2-B14776C2D885}.Release|Win32.Build.0 = Release|Win32
	EndGlobalSection
	GlobalSection(SolutionProperties) = preSolution
		HideSolutionNode = FALSE
	EndGlobalSection
EndGlobal
